
Microsoft Visual Studio Solution File, Format Version 12.00
# Visual Studio Version 16
VisualStudioVersion = 16.0.30711.63
MinimumVisualStudioVersion = 10.0.40219.1
Project("{FAE04EC0-301F-11D3-BF4B-00C04F79EFBC}") = "CIS342GitTest", "CIS342GitTest\CIS342GitTest.csproj", "{10467C7E-2335-4463-93B9-F0AEFD1B3DFF}"
EndProject
Global
	GlobalSection(SolutionConfigurationPlatforms) = preSolution
		Debug|Any CPU = Debug|Any CPU
		Release|Any CPU = Release|Any CPU
	EndGlobalSection
	GlobalSection(ProjectConfigurationPlatforms) = postSolution
		{10467C7E-2335-4463-93B9-F0AEFD1B3DFF}.Debug|Any CPU.ActiveCfg = Debug|Any CPU
		{10467C7E-2335-4463-93B9-F0AEFD1B3DFF}.Debug|Any CPU.Build.0 = Debug|Any CPU
		{10467C7E-2335-4463-93B9-F0AEFD1B3DFF}.Release|Any CPU.ActiveCfg = Release|Any CPU
		{10467C7E-2335-4463-93B9-F0AEFD1B3DFF}.Release|Any CPU.Build.0 = Release|Any CPU
	EndGlobalSection
	GlobalSection(SolutionProperties) = preSolution
		HideSolutionNode = FALSE
	EndGlobalSection
	GlobalSection(ExtensibilityGlobals) = postSolution
		SolutionGuid = {1F18D1A4-8DF6-471B-97AB-83DEB57A6388}
	EndGlobalSection
EndGlobal
